
Microsoft Visual Studio Solution File, Format Version 12.00
# Visual Studio Version 17
VisualStudioVersion = 17.9.34607.119
MinimumVisualStudioVersion = 10.0.40219.1
Project("{FAE04EC0-301F-11D3-BF4B-00C04F79EFBC}") = "Clase_10", "Clase_10\Clase_10.csproj", "{58EBCA2B-3945-4610-8D60-C2C6D8E09294}"
EndProject
Global
	GlobalSection(SolutionConfigurationPlatforms) = preSolution
		Debug|Any CPU = Debug|Any CPU
		Release|Any CPU = Release|Any CPU
	EndGlobalSection
	GlobalSection(ProjectConfigurationPlatforms) = postSolution
		{58EBCA2B-3945-4610-8D60-C2C6D8E09294}.Debug|Any CPU.ActiveCfg = Debug|Any CPU
		{58EBCA2B-3945-4610-8D60-C2C6D8E09294}.Debug|Any CPU.Build.0 = Debug|Any CPU
		{58EBCA2B-3945-4610-8D60-C2C6D8E09294}.Release|Any CPU.ActiveCfg = Release|Any CPU
		{58EBCA2B-3945-4610-8D60-C2C6D8E09294}.Release|Any CPU.Build.0 = Release|Any CPU
	EndGlobalSection
	GlobalSection(SolutionProperties) = preSolution
		HideSolutionNode = FALSE
	EndGlobalSection
	GlobalSection(ExtensibilityGlobals) = postSolution
		SolutionGuid = {2B027562-53D5-49A3-ACC8-B8C00C8F8203}
	EndGlobalSection
EndGlobal
